
Microsoft Visual Studio Solution File, Format Version 12.00
# Visual Studio Version 17
VisualStudioVersion = 17.11.35222.181
MinimumVisualStudioVersion = 10.0.40219.1
Project("{FAE04EC0-301F-11D3-BF4B-00C04F79EFBC}") = "Task_GestioneStudenti", "Task_GestioneStudenti\Task_GestioneStudenti.csproj", "{4A5AC905-F107-44BF-9F23-7A8BC624022C}"
EndProject
Global
	GlobalSection(SolutionConfigurationPlatforms) = preSolution
		Debug|Any CPU = Debug|Any CPU
		Release|Any CPU = Release|Any CPU
	EndGlobalSection
	GlobalSection(ProjectConfigurationPlatforms) = postSolution
		{4A5AC905-F107-44BF-9F23-7A8BC624022C}.Debug|Any CPU.ActiveCfg = Debug|Any CPU
		{4A5AC905-F107-44BF-9F23-7A8BC624022C}.Debug|Any CPU.Build.0 = Debug|Any CPU
		{4A5AC905-F107-44BF-9F23-7A8BC624022C}.Release|Any CPU.ActiveCfg = Release|Any CPU
		{4A5AC905-F107-44BF-9F23-7A8BC624022C}.Release|Any CPU.Build.0 = Release|Any CPU
	EndGlobalSection
	GlobalSection(SolutionProperties) = preSolution
		HideSolutionNode = FALSE
	EndGlobalSection
	GlobalSection(ExtensibilityGlobals) = postSolution
		SolutionGuid = {6D3506F5-AF0A-4D8A-A012-D2DB5A468EC3}
	EndGlobalSection
EndGlobal
